uuid: f1bec50f-95d6-4825-b4c0-eb825d4df5cf
langcode: en
status: true
dependencies:
  config:
    - block_content.type.openedu_stories_block
    - field.storage.node.field_program_stories_block
    - node.type.program
_core:
  default_config_hash: uYxBtE6T4psC71njb-TM3Bp6CbFMPX__Fzi8n4SU5r4
id: node.program.field_program_stories_block
field_name: field_program_stories_block
entity_type: node
bundle: program
label: 'Stories Block'
description: ''
required: false
translatable: false
default_value: {  }
default_value_callback: ''
settings:
  handler: 'default:block_content'
  handler_settings:
    target_bundles:
      openedu_stories_block: openedu_stories_block
    sort:
      field: _none
    auto_create: false
    auto_create_bundle: ''
field_type: entity_reference
